
Microsoft Visual Studio Solution File, Format Version 12.00
# Visual Studio 2013
VisualStudioVersion = 12.0.21005.1
MinimumVisualStudioVersion = 10.0.40219.1
Project("{8BC9CEB8-8B4A-11D0-8D11-00A0C91BC942}") = "CreatingThreads", "CreatingThreads\CreatingThreads.vcxproj", "{F0FD2C6D-E2B6-4DC2-B09E-B8F4B10AB0C1}"
EndProject
Global
	GlobalSection(SolutionConfigurationPlatforms) = preSolution
		Debug|Win32 = Debug|Win32
		Release|Win32 = Release|Win32
	EndGlobalSection
	GlobalSection(ProjectConfigurationPlatforms) = postSolution
		{F0FD2C6D-E2B6-4DC2-B09E-B8F4B10AB0C1}.Debug|Win32.ActiveCfg = Debug|Win32
		{F0FD2C6D-E2B6-4DC2-B09E-B8F4B10AB0C1}.Debug|Win32.Build.0 = Debug|Win32
		{F0FD2C6D-E2B6-4DC2-B09E-B8F4B10AB0C1}.Release|Win32.ActiveCfg = Release|Win32
		{F0FD2C6D-E2B6-4DC2-B09E-B8F4B10AB0C1}.Release|Win32.Build.0 = Release|Win32
	EndGlobalSection
	GlobalSection(SolutionProperties) = preSolution
		HideSolutionNode = FALSE
	EndGlobalSection
EndGlobal
