
Microsoft Visual Studio Solution File, Format Version 12.00
# Visual Studio 2013
VisualStudioVersion = 12.0.21005.1
MinimumVisualStudioVersion = 10.0.40219.1
Project("{8BC9CEB8-8B4A-11D0-8D11-00A0C91BC942}") = "CountingFlippedBits", "CountingFlippedBits\CountingFlippedBits.vcxproj", "{C6A84365-ABD2-4EFA-94A4-7D78C9382C11}"
EndProject
Global
	GlobalSection(SolutionConfigurationPlatforms) = preSolution
		Debug|Win32 = Debug|Win32
		Release|Win32 = Release|Win32
	EndGlobalSection
	GlobalSection(ProjectConfigurationPlatforms) = postSolution
		{C6A84365-ABD2-4EFA-94A4-7D78C9382C11}.Debug|Win32.ActiveCfg = Debug|Win32
		{C6A84365-ABD2-4EFA-94A4-7D78C9382C11}.Debug|Win32.Build.0 = Debug|Win32
		{C6A84365-ABD2-4EFA-94A4-7D78C9382C11}.Release|Win32.ActiveCfg = Release|Win32
		{C6A84365-ABD2-4EFA-94A4-7D78C9382C11}.Release|Win32.Build.0 = Release|Win32
	EndGlobalSection
	GlobalSection(SolutionProperties) = preSolution
		HideSolutionNode = FALSE
	EndGlobalSection
EndGlobal
